
Microsoft Visual Studio Solution File, Format Version 12.00
# Visual Studio Version 16
VisualStudioVersion = 16.0.30517.126
MinimumVisualStudioVersion = 10.0.40219.1
Project("{FAE04EC0-301F-11D3-BF4B-00C04F79EFBC}") = "Lesson1", "Lesson1\Lesson1.csproj", "{F95A86FB-2FDE-43AE-8398-8FFD0A9D366E}"
EndProject
Project("{FAE04EC0-301F-11D3-BF4B-00C04F79EFBC}") = "Lesson2", "Lesson2\Lesson2.csproj", "{A49DC3AC-CC70-4C50-A32C-DC5F648CE664}"
EndProject
Project("{FAE04EC0-301F-11D3-BF4B-00C04F79EFBC}") = "Lesson4", "Lesson4\Lesson4.csproj", "{D51CC7B3-057E-4F28-9566-A5EAFAF507DE}"
EndProject
Project("{FAE04EC0-301F-11D3-BF4B-00C04F79EFBC}") = "Lesson5", "Lesson5\Lesson5.csproj", "{327A7A32-CA86-4BB7-9769-195E75B14629}"
EndProject
Project("{FAE04EC0-301F-11D3-BF4B-00C04F79EFBC}") = "Lesson5_Tal", "Lesson5_Tal\Lesson5_Tal.csproj", "{D625ABC0-F1F5-4094-BAB8-624A71C2FD6F}"
EndProject
Project("{FAE04EC0-301F-11D3-BF4B-00C04F79EFBC}") = "Lesson6", "Lesson6\Lesson6.csproj", "{2D75BB7E-EB28-4806-A68C-A0F2412A0895}"
EndProject
Project("{FAE04EC0-301F-11D3-BF4B-00C04F79EFBC}") = "Lesson7", "Lesson7\Lesson7.csproj", "{7926DBED-F068-4538-9357-79F9BE0EFD3B}"
EndProject
Global
	GlobalSection(SolutionConfigurationPlatforms) = preSolution
		Debug|Any CPU = Debug|Any CPU
		Release|Any CPU = Release|Any CPU
	EndGlobalSection
	GlobalSection(ProjectConfigurationPlatforms) = postSolution
		{F95A86FB-2FDE-43AE-8398-8FFD0A9D366E}.Debug|Any CPU.ActiveCfg = Debug|Any CPU
		{F95A86FB-2FDE-43AE-8398-8FFD0A9D366E}.Debug|Any CPU.Build.0 = Debug|Any CPU
		{F95A86FB-2FDE-43AE-8398-8FFD0A9D366E}.Release|Any CPU.ActiveCfg = Release|Any CPU
		{F95A86FB-2FDE-43AE-8398-8FFD0A9D366E}.Release|Any CPU.Build.0 = Release|Any CPU
		{A49DC3AC-CC70-4C50-A32C-DC5F648CE664}.Debug|Any CPU.ActiveCfg = Debug|Any CPU
		{A49DC3AC-CC70-4C50-A32C-DC5F648CE664}.Debug|Any CPU.Build.0 = Debug|Any CPU
		{A49DC3AC-CC70-4C50-A32C-DC5F648CE664}.Release|Any CPU.ActiveCfg = Release|Any CPU
		{A49DC3AC-CC70-4C50-A32C-DC5F648CE664}.Release|Any CPU.Build.0 = Release|Any CPU
		{D51CC7B3-057E-4F28-9566-A5EAFAF507DE}.Debug|Any CPU.ActiveCfg = Debug|Any CPU
		{D51CC7B3-057E-4F28-9566-A5EAFAF507DE}.Debug|Any CPU.Build.0 = Debug|Any CPU
		{D51CC7B3-057E-4F28-9566-A5EAFAF507DE}.Release|Any CPU.ActiveCfg = Release|Any CPU
		{D51CC7B3-057E-4F28-9566-A5EAFAF507DE}.Release|Any CPU.Build.0 = Release|Any CPU
		{327A7A32-CA86-4BB7-9769-195E75B14629}.Debug|Any CPU.ActiveCfg = Debug|Any CPU
		{327A7A32-CA86-4BB7-9769-195E75B14629}.Debug|Any CPU.Build.0 = Debug|Any CPU
		{327A7A32-CA86-4BB7-9769-195E75B14629}.Release|Any CPU.ActiveCfg = Release|Any CPU
		{327A7A32-CA86-4BB7-9769-195E75B14629}.Release|Any CPU.Build.0 = Release|Any CPU
		{D625ABC0-F1F5-4094-BAB8-624A71C2FD6F}.Debug|Any CPU.ActiveCfg = Debug|Any CPU
		{D625ABC0-F1F5-4094-BAB8-624A71C2FD6F}.Debug|Any CPU.Build.0 = Debug|Any CPU
		{D625ABC0-F1F5-4094-BAB8-624A71C2FD6F}.Release|Any CPU.ActiveCfg = Release|Any CPU
		{D625ABC0-F1F5-4094-BAB8-624A71C2FD6F}.Release|Any CPU.Build.0 = Release|Any CPU
		{2D75BB7E-EB28-4806-A68C-A0F2412A0895}.Debug|Any CPU.ActiveCfg = Debug|Any CPU
		{2D75BB7E-EB28-4806-A68C-A0F2412A0895}.Debug|Any CPU.Build.0 = Debug|Any CPU
		{2D75BB7E-EB28-4806-A68C-A0F2412A0895}.Release|Any CPU.ActiveCfg = Release|Any CPU
		{2D75BB7E-EB28-4806-A68C-A0F2412A0895}.Release|Any CPU.Build.0 = Release|Any CPU
		{7926DBED-F068-4538-9357-79F9BE0EFD3B}.Debug|Any CPU.ActiveCfg = Debug|Any CPU
		{7926DBED-F068-4538-9357-79F9BE0EFD3B}.Debug|Any CPU.Build.0 = Debug|Any CPU
		{7926DBED-F068-4538-9357-79F9BE0EFD3B}.Release|Any CPU.ActiveCfg = Release|Any CPU
		{7926DBED-F068-4538-9357-79F9BE0EFD3B}.Release|Any CPU.Build.0 = Release|Any CPU
	EndGlobalSection
	GlobalSection(SolutionProperties) = preSolution
		HideSolutionNode = FALSE
	EndGlobalSection
	GlobalSection(ExtensibilityGlobals) = postSolution
		SolutionGuid = {4194BB53-F467-4F07-A440-B6B238A60C1A}
	EndGlobalSection
EndGlobal
